
Microsoft Visual Studio Solution File, Format Version 12.00
# Visual Studio Version 16
VisualStudioVersion = 16.0.30104.148
MinimumVisualStudioVersion = 10.0.40219.1
Project("{FAE04EC0-301F-11D3-BF4B-00C04F79EFBC}") = "Enum", "Enum\Enum.csproj", "{F538FD64-1EF7-4C39-BD6E-6BE1DE652306}"
EndProject
Global
	GlobalSection(SolutionConfigurationPlatforms) = preSolution
		Debug|Any CPU = Debug|Any CPU
		Release|Any CPU = Release|Any CPU
	EndGlobalSection
	GlobalSection(ProjectConfigurationPlatforms) = postSolution
		{F538FD64-1EF7-4C39-BD6E-6BE1DE652306}.Debug|Any CPU.ActiveCfg = Debug|Any CPU
		{F538FD64-1EF7-4C39-BD6E-6BE1DE652306}.Debug|Any CPU.Build.0 = Debug|Any CPU
		{F538FD64-1EF7-4C39-BD6E-6BE1DE652306}.Release|Any CPU.ActiveCfg = Release|Any CPU
		{F538FD64-1EF7-4C39-BD6E-6BE1DE652306}.Release|Any CPU.Build.0 = Release|Any CPU
	EndGlobalSection
	GlobalSection(SolutionProperties) = preSolution
		HideSolutionNode = FALSE
	EndGlobalSection
	GlobalSection(ExtensibilityGlobals) = postSolution
		SolutionGuid = {3EDA4F43-2156-4E2D-B27F-40BD27185EDD}
	EndGlobalSection
EndGlobal
