
Microsoft Visual Studio Solution File, Format Version 12.00
# Visual Studio Version 16
VisualStudioVersion = 16.0.30104.148
MinimumVisualStudioVersion = 10.0.40219.1
Project("{FAE04EC0-301F-11D3-BF4B-00C04F79EFBC}") = "Exception Handling", "Exception Handling\Exception Handling.csproj", "{F7525317-662D-4F66-8220-619830204152}"
EndProject
Global
	GlobalSection(SolutionConfigurationPlatforms) = preSolution
		Debug|Any CPU = Debug|Any CPU
		Release|Any CPU = Release|Any CPU
	EndGlobalSection
	GlobalSection(ProjectConfigurationPlatforms) = postSolution
		{F7525317-662D-4F66-8220-619830204152}.Debug|Any CPU.ActiveCfg = Debug|Any CPU
		{F7525317-662D-4F66-8220-619830204152}.Debug|Any CPU.Build.0 = Debug|Any CPU
		{F7525317-662D-4F66-8220-619830204152}.Release|Any CPU.ActiveCfg = Release|Any CPU
		{F7525317-662D-4F66-8220-619830204152}.Release|Any CPU.Build.0 = Release|Any CPU
	EndGlobalSection
	GlobalSection(SolutionProperties) = preSolution
		HideSolutionNode = FALSE
	EndGlobalSection
	GlobalSection(ExtensibilityGlobals) = postSolution
		SolutionGuid = {DED25A3B-D224-4B28-9B1D-4C4925F6ACCA}
	EndGlobalSection
EndGlobal
